<?xml version="1.0" encoding="utf-8"?>
<Project ToolsVersion="4.0" xmlns="http://schemas.microsoft.com/developer/msbuild/2003">
  <ItemGroup>
    <Filter Include="Fichiers de ressources">
      <UniqueIdentifier>{67DA6AB6-F800-4c08-8B7A-83BB121AAD01}</UniqueIdentifier>
      <Extensions>rc;ico;cur;bmp;dlg;rc2;rct;bin;rgs;gif;jpg;jpeg;jpe;resx;tiff;tif;png;wav;mfcribbon-ms</Extensions>
    </Filter>
    <Filter Include="Fichiers de ressources\Shaders">
      <UniqueIdentifier>{2c3665bb-0e2f-4e86-990c-24bb0937d303}</UniqueIdentifier>
    </Filter>
    <Filter Include="Core">
      <UniqueIdentifier>{c664953c-9b48-446e-9c45-7cb14089222b}</UniqueIdentifier>
    </Filter>
    <Filter Include="Core\Graphics">
      <UniqueIdentifier>{8db4cf61-4d04-49ae-9f0b-9e97ce540b96}</UniqueIdentifier>
    </Filter>
    <Filter Include="Core\Graphics\Primitve">
      <UniqueIdentifier>{478a5713-41fc-4176-89c9-543d4d207c2e}</UniqueIdentifier>
    </Filter>
    <Filter Include="System">
      <UniqueIdentifier>{41c861cc-bf16-40d4-9810-f69ac48c2dbb}</UniqueIdentifier>
    </Filter>
    <Filter Include="Core\Utils">
      <UniqueIdentifier>{d3c342ca-a859-4101-a34a-0ef81927d257}</UniqueIdentifier>
    </Filter>
  </ItemGroup>
  <ItemGroup>
    <ClInclude Include="Primitive.h">
      <Filter>Core\Graphics\Primitve</Filter>
    </ClInclude>
    <ClInclude Include="Box.h">
      <Filter>Core\Graphics\Primitve</Filter>
    </ClInclude>
    <ClInclude Include="PrimitiveBase.h">
      <Filter>Core\Graphics\Primitve</Filter>
    </ClInclude>
    <ClInclude Include="Renderer.h">
      <Filter>Core\Graphics</Filter>
    </ClInclude>
    <ClInclude Include="Material.h">
      <Filter>Core\Graphics</Filter>
    </ClInclude>
    <ClInclude Include="Mesh.h">
      <Filter>Core\Graphics</Filter>
    </ClInclude>
    <ClInclude Include="Engine.h">
      <Filter>Core</Filter>
    </ClInclude>
    <ClInclude Include="DeviceResources.h">
      <Filter>Core\Graphics</Filter>
    </ClInclude>
    <ClInclude Include="framework.h">
      <Filter>System</Filter>
    </ClInclude>
    <ClInclude Include="Resource.h">
      <Filter>System</Filter>
    </ClInclude>
    <ClInclude Include="targetver.h">
      <Filter>System</Filter>
    </ClInclude>
    <ClInclude Include="WinMain.h">
      <Filter>System</Filter>
    </ClInclude>
    <ClInclude Include="MeshComponent.h">
      <Filter>Core\Graphics</Filter>
    </ClInclude>
    <ClInclude Include="SceneElement.h">
      <Filter>Core</Filter>
    </ClInclude>
    <ClInclude Include="AhzMath.h">
      <Filter>Core\Utils</Filter>
    </ClInclude>
    <ClInclude Include="Component.h">
      <Filter>Core</Filter>
    </ClInclude>
    <ClInclude Include="Vector3.h">
      <Filter>Core\Utils</Filter>
    </ClInclude>
  </ItemGroup>
  <ItemGroup>
    <ResourceCompile Include="AhzEngine.rc">
      <Filter>Fichiers de ressources</Filter>
    </ResourceCompile>
  </ItemGroup>
  <ItemGroup>
    <Image Include="small.ico">
      <Filter>Fichiers de ressources</Filter>
    </Image>
    <Image Include="AhzEngine.ico">
      <Filter>Fichiers de ressources</Filter>
    </Image>
  </ItemGroup>
  <ItemGroup>
    <ClCompile Include="Renderer.cpp">
      <Filter>Core\Graphics</Filter>
    </ClCompile>
    <ClCompile Include="Engine.cpp">
      <Filter>Core</Filter>
    </ClCompile>
    <ClCompile Include="DeviceResources.cpp">
      <Filter>Core\Graphics</Filter>
    </ClCompile>
    <ClCompile Include="Material.cpp">
      <Filter>Core\Graphics</Filter>
    </ClCompile>
    <ClCompile Include="Mesh.cpp">
      <Filter>Core\Graphics</Filter>
    </ClCompile>
    <ClCompile Include="WinMain.cpp">
      <Filter>System</Filter>
    </ClCompile>
    <ClCompile Include="MeshComponent.cpp">
      <Filter>Core\Graphics</Filter>
    </ClCompile>
    <ClCompile Include="SceneElement.cpp">
      <Filter>Core</Filter>
    </ClCompile>
    <ClCompile Include="Component.cpp">
      <Filter>Core</Filter>
    </ClCompile>
    <ClCompile Include="Vector3.cpp">
      <Filter>Core\Utils</Filter>
    </ClCompile>
  </ItemGroup>
</Project>